version = 1
revision = 1
requires-python = ">=3.13"

[[package]]
name = "dftt-timecode"
version = "0.0.14"
source = { registry = "https://pypi.org/simple" }
sdist = { url = "https://files.pythonhosted.org/packages/61/89/ed0dfb25226aa9e785a21c702cd6770cb61fd3af2e453afde948cb220b4e/dftt_timecode-0.0.14.tar.gz", hash = "sha256:28afba38cd37475d02d2abfdd09ac8d72c1f706a016974033e697fe2df65d30d", size = 43606 }
wheels = [
    { url = "https://files.pythonhosted.org/packages/c6/ca/3c716940f4fa26c2769abb9a0c9b1463ab8da00c28fd8099241d64b58eef/dftt_timecode-0.0.14-py3-none-any.whl", hash = "sha256:61c88b2351f3e8c41a54cc6cc4de5de6892e7508c3f1ebae49c67727ab1ac14c", size = 26871 },
]

[[package]]
name = "pymediainfo"
version = "7.0.1"
source = { registry = "https://pypi.org/simple" }
sdist = { url = "https://files.pythonhosted.org/packages/4d/80/80a6fb21005b81e30f6193d45cba13857df09f5d483e0551fa6fbb3aaeed/pymediainfo-7.0.1.tar.gz", hash = "sha256:0d5df59ecc615e24c56f303b8f651579c6accab7265715e5d429186d7ba21514", size = 441563 }
wheels = [
    { url = "https://files.pythonhosted.org/packages/a6/4a/d895646df3d3ff617b54d7f06a02ed9d6f5b86673030a543927310e0f7ed/pymediainfo-7.0.1-py3-none-macosx_10_10_universal2.whl", hash = "sha256:286f3bf6299be0997093254e0f371855bc5cf2aaf8641d19455a011e3ee3a84d", size = 6983332 },
    { url = "https://files.pythonhosted.org/packages/77/df/bc6b5a08e908c64a81f6ff169716d408ce7380ceff44e1eceb095f49e0dc/pymediainfo-7.0.1-py3-none-manylinux_2_27_aarch64.whl", hash = "sha256:3648e2379fa67bd02433d1e28c707df3a53834dd480680615a9fefd2266f1182", size = 5768082 },
    { url = "https://files.pythonhosted.org/packages/02/10/a9bc1446a48d3a15940eb1af79a71978f368f27e2cc86f9ec3ec2d206a20/pymediainfo-7.0.1-py3-none-manylinux_2_27_x86_64.whl", hash = "sha256:cde98112f1ce486589b17a12e5da42085faea996224f7c67fa45b8c1dca719c6", size = 6001553 },
    { url = "https://files.pythonhosted.org/packages/ed/7f/c48f8514cb60c9ff9be81b6f383e73e66c7461ef854a1b62628e3c823f13/pymediainfo-7.0.1-py3-none-win32.whl", hash = "sha256:01bcaf82b72cefbf4b96f13b2547e1b2e0e734bab7173d7c33f7f01acc07c98b", size = 3125046 },
    { url = "https://files.pythonhosted.org/packages/e7/26/9d50c2a330541bc36c0ea7ce29eeff5b0c35c2624139660df8bcfa9ae3ce/pymediainfo-7.0.1-py3-none-win_amd64.whl", hash = "sha256:13224fa7590e198763b8baf072e704ea81d334e71aa32a469091460e243893c7", size = 3271232 },
]

[[package]]
name = "resolve-toolkits"
version = "0.0.1"
source = { editable = "." }
dependencies = [
    { name = "dftt-timecode" },
    { name = "pymediainfo" },
    { name = "tabulate" },
]

[package.metadata]
requires-dist = [
    { name = "dftt-timecode", specifier = ">=0.0.14" },
    { name = "pymediainfo", specifier = ">=7.0.1" },
    { name = "tabulate", specifier = ">=0.9.0" },
]

[[package]]
name = "tabulate"
version = "0.9.0"
source = { registry = "https://pypi.org/simple" }
sdist = { url = "https://files.pythonhosted.org/packages/ec/fe/802052aecb21e3797b8f7902564ab6ea0d60ff8ca23952079064155d1ae1/tabulate-0.9.0.tar.gz", hash = "sha256:0095b12bf5966de529c0feb1fa08671671b3368eec77d7ef7ab114be2c068b3c", size = 81090 }
wheels = [
    { url = "https://files.pythonhosted.org/packages/40/44/4a5f08c96eb108af5cb50b41f76142f0afa346dfa99d5296fe7202a11854/tabulate-0.9.0-py3-none-any.whl", hash = "sha256:024ca478df22e9340661486f85298cff5f6dcdba14f3813e8830015b9ed1948f", size = 35252 },
]
