version = 1
revision = 1
requires-python = ">=3.13"

[[package]]
name = "dftt-timecode"
version = "0.0.14"
source = { registry = "https://pypi.org/simple" }
sdist = { url = "https://files.pythonhosted.org/packages/61/89/ed0dfb25226aa9e785a21c702cd6770cb61fd3af2e453afde948cb220b4e/dftt_timecode-0.0.14.tar.gz", hash = "sha256:28afba38cd37475d02d2abfdd09ac8d72c1f706a016974033e697fe2df65d30d", size = 43606 }
wheels = [
    { url = "https://files.pythonhosted.org/packages/c6/ca/3c716940f4fa26c2769abb9a0c9b1463ab8da00c28fd8099241d64b58eef/dftt_timecode-0.0.14-py3-none-any.whl", hash = "sha256:61c88b2351f3e8c41a54cc6cc4de5de6892e7508c3f1ebae49c67727ab1ac14c", size = 26871 },
]

[[package]]
name = "resolve-toolkits"
version = "0.0.1"
source = { editable = "." }
dependencies = [
    { name = "dftt-timecode" },
    { name = "tabulate" },
]

[package.metadata]
requires-dist = [
    { name = "dftt-timecode", specifier = ">=0.0.14" },
    { name = "tabulate", specifier = ">=0.9.0" },
]

[[package]]
name = "tabulate"
version = "0.9.0"
source = { registry = "https://pypi.org/simple" }
sdist = { url = "https://files.pythonhosted.org/packages/ec/fe/802052aecb21e3797b8f7902564ab6ea0d60ff8ca23952079064155d1ae1/tabulate-0.9.0.tar.gz", hash = "sha256:0095b12bf5966de529c0feb1fa08671671b3368eec77d7ef7ab114be2c068b3c", size = 81090 }
wheels = [
    { url = "https://files.pythonhosted.org/packages/40/44/4a5f08c96eb108af5cb50b41f76142f0afa346dfa99d5296fe7202a11854/tabulate-0.9.0-py3-none-any.whl", hash = "sha256:024ca478df22e9340661486f85298cff5f6dcdba14f3813e8830015b9ed1948f", size = 35252 },
]
